Microsoft Visual Studio Solution File, Format Version 11.00
# Visual Studio 2008

Project("{400019D7-7D1A-72EE-C74B-9A3EDBB4E42D}") = "ai-agent-simulation", "Assembly-CSharp.csproj", "{1AA0323D-DBEC-89D1-0C55-E49280EB1E71}"
EndProject
Global
	GlobalSection(SolutionConfigurationPlatforms) = preSolution
		Debug|Any CPU = Debug|Any CPU
		Release|Any CPU = Release|Any CPU
	EndGlobalSection
	GlobalSection(ProjectConfigurationPlatforms) = postSolution
		{1AA0323D-DBEC-89D1-0C55-E49280EB1E71}.Debug|Any CPU.ActiveCfg = Debug|Any CPU
		{1AA0323D-DBEC-89D1-0C55-E49280EB1E71}.Debug|Any CPU.Build.0 = Debug|Any CPU
		{1AA0323D-DBEC-89D1-0C55-E49280EB1E71}.Release|Any CPU.ActiveCfg = Release|Any CPU
		{1AA0323D-DBEC-89D1-0C55-E49280EB1E71}.Release|Any CPU.Build.0 = Release|Any CPU
	EndGlobalSection
	GlobalSection(SolutionProperties) = preSolution
		HideSolutionNode = FALSE
	EndGlobalSection
	GlobalSection(MonoDevelopProperties) = preSolution
		StartupItem = Assembly-CSharp.csproj
	EndGlobalSection
EndGlobal
